
Microsoft Visual Studio Solution File, Format Version 12.00
# Visual Studio Version 16
VisualStudioVersion = 16.0.29519.87
MinimumVisualStudioVersion = 10.0.40219.1
Project("{2150E333-8FDC-42A3-9474-1A3956D46DE8}") = "TWX30", "TWX30", "{1B898E7C-2FB9-47F1-9EE1-FD62DF3714B1}"
EndProject
Project("{9A19103F-16F7-4668-BE54-9A1E7A4F7556}") = "Library", "Source\TWX30\Library\Library.csproj", "{7F1E6A64-70B8-4C0E-8169-1A9695D9DBBC}"
EndProject
Project("{FAE04EC0-301F-11D3-BF4B-00C04F79EFBC}") = "Proxy", "Source\TWX30\Proxy\Proxy.csproj", "{5D1A9198-5AB9-4E1F-B71E-84FA272FCE95}"
EndProject
Global
	GlobalSection(SolutionConfigurationPlatforms) = preSolution
		Debug|Any CPU = Debug|Any CPU
		Release|Any CPU = Release|Any CPU
	EndGlobalSection
	GlobalSection(ProjectConfigurationPlatforms) = postSolution
		{7F1E6A64-70B8-4C0E-8169-1A9695D9DBBC}.Debug|Any CPU.ActiveCfg = Debug|Any CPU
		{7F1E6A64-70B8-4C0E-8169-1A9695D9DBBC}.Debug|Any CPU.Build.0 = Debug|Any CPU
		{7F1E6A64-70B8-4C0E-8169-1A9695D9DBBC}.Release|Any CPU.ActiveCfg = Release|Any CPU
		{7F1E6A64-70B8-4C0E-8169-1A9695D9DBBC}.Release|Any CPU.Build.0 = Release|Any CPU
		{5D1A9198-5AB9-4E1F-B71E-84FA272FCE95}.Debug|Any CPU.ActiveCfg = Debug|Any CPU
		{5D1A9198-5AB9-4E1F-B71E-84FA272FCE95}.Debug|Any CPU.Build.0 = Debug|Any CPU
		{5D1A9198-5AB9-4E1F-B71E-84FA272FCE95}.Release|Any CPU.ActiveCfg = Release|Any CPU
		{5D1A9198-5AB9-4E1F-B71E-84FA272FCE95}.Release|Any CPU.Build.0 = Release|Any CPU
	EndGlobalSection
	GlobalSection(SolutionProperties) = preSolution
		HideSolutionNode = FALSE
	EndGlobalSection
	GlobalSection(NestedProjects) = preSolution
		{7F1E6A64-70B8-4C0E-8169-1A9695D9DBBC} = {1B898E7C-2FB9-47F1-9EE1-FD62DF3714B1}
		{5D1A9198-5AB9-4E1F-B71E-84FA272FCE95} = {1B898E7C-2FB9-47F1-9EE1-FD62DF3714B1}
	EndGlobalSection
	GlobalSection(ExtensibilityGlobals) = postSolution
		SolutionGuid = {5FA0C678-9E12-4729-A7EE-1094EADEA0A2}
	EndGlobalSection
EndGlobal
